// !$*UTF8*$!
{
	archiveVersion = 1;
	classes = {
	};
	objectVersion = 48;
	objects = {

/* Begin PBXBuildFile section */
		F52D6CEB21F47714001999FE /* AppDelegate.swift in Sources */ = {isa = PBXBuildFile; fileRef = F52D6CEA21F47714001999FE /* AppDelegate.swift */; };
		F52D6CED21F47714001999FE /* TodoListViewController.swift in Sources */ = {isa = PBXBuildFile; fileRef = F52D6CEC21F47714001999FE /* TodoListViewController.swift */; };
		F52D6CF021F47714001999FE /* Main.storyboard in Resources */ = {isa = PBXBuildFile; fileRef = F52D6CEE21F47714001999FE /* Main.storyboard */; };
		F52D6CF221F47714001999FE /* Assets.xcassets in Resources */ = {isa = PBXBuildFile; fileRef = F52D6CF121F47714001999FE /* Assets.xcassets */; };
		F52D6CF521F47714001999FE /* LaunchScreen.storyboard in Resources */ = {isa = PBXBuildFile; fileRef = F52D6CF321F47714001999FE /* LaunchScreen.storyboard */; };
		F52D6D0021F47715001999FE /* Todo4Tests.swift in Sources */ = {isa = PBXBuildFile; fileRef = F52D6CFF21F47715001999FE /* Todo4Tests.swift */; };
		F52D6D0B21F47715001999FE /* Todo4UITests.swift in Sources */ = {isa = PBXBuildFile; fileRef = F52D6D0A21F47715001999FE /* Todo4UITests.swift */; };
/* End PBXBuildFile section */

/* Begin PBXContainerItemProxy section */
		F52D6CFC21F47715001999FE /* PBXContainerItemProxy */ = {
			isa = PBXContainerItemProxy;
			containerPortal = F52D6CDF21F47714001999FE /* Project object */;
			proxyType = 1;
			remoteGlobalIDString = F52D6CE621F47714001999FE;
			remoteInfo = Todo4;
		};
		F52D6D0721F47715001999FE /* PBXContainerItemProxy */ = {
			isa = PBXContainerItemProxy;
			containerPortal = F52D6CDF21F47714001999FE /* Project object */;
			proxyType = 1;
			remoteGlobalIDString = F52D6CE621F47714001999FE;
			remoteInfo = Todo4;
		};
/* End PBXContainerItemProxy section */

/* Begin PBXFileReference section */
		F52D6CE721F47714001999FE /* Todo4.app */ = {isa = PBXFileReference; explicitFileType = wrapper.application; includeInIndex = 0; path = Todo4.app; sourceTree = BUILT_PRODUCTS_DIR; };
		F52D6CEA21F47714001999FE /* AppDelegate.swift */ = {isa = PBXFileReference; lastKnownFileType = sourcecode.swift; path = AppDelegate.swift; sourceTree = "<group>"; };
		F52D6CEC21F47714001999FE /* TodoListViewController.swift */ = {isa = PBXFileReference; lastKnownFileType = sourcecode.swift; path = TodoListViewController.swift; sourceTree = "<group>"; };
		F52D6CEF21F47714001999FE /* Base */ = {isa = PBXFileReference; lastKnownFileType = file.storyboard; name = Base; path = Base.lproj/Main.storyboard; sourceTree = "<group>"; };
		F52D6CF121F47714001999FE /* Assets.xcassets */ = {isa = PBXFileReference; lastKnownFileType = folder.assetcatalog; path = Assets.xcassets; sourceTree = "<group>"; };
		F52D6CF421F47714001999FE /* Base */ = {isa = PBXFileReference; lastKnownFileType = file.storyboard; name = Base; path = Base.lproj/LaunchScreen.storyboard; sourceTree = "<group>"; };
		F52D6CF621F47714001999FE /* Info.plist */ = {isa = PBXFileReference; lastKnownFileType = text.plist.xml; path = Info.plist; sourceTree = "<group>"; };
		F52D6CFB21F47715001999FE /* Todo4Tests.xctest */ = {isa = PBXFileReference; explicitFileType = wrapper.cfbundle; includeInIndex = 0; path = Todo4Tests.xctest; sourceTree = BUILT_PRODUCTS_DIR; };
		F52D6CFF21F47715001999FE /* Todo4Tests.swift */ = {isa = PBXFileReference; lastKnownFileType = sourcecode.swift; path = Todo4Tests.swift; sourceTree = "<group>"; };
		F52D6D0121F47715001999FE /* Info.plist */ = {isa = PBXFileReference; lastKnownFileType = text.plist.xml; path = Info.plist; sourceTree = "<group>"; };
		F52D6D0621F47715001999FE /* Todo4UITests.xctest */ = {isa = PBXFileReference; explicitFileType = wrapper.cfbundle; includeInIndex = 0; path = Todo4UITests.xctest; sourceTree = BUILT_PRODUCTS_DIR; };
		F52D6D0A21F47715001999FE /* Todo4UITests.swift */ = {isa = PBXFileReference; lastKnownFileType = sourcecode.swift; path = Todo4UITests.swift; sourceTree = "<group>"; };
		F52D6D0C21F47715001999FE /* Info.plist */ = {isa = PBXFileReference; lastKnownFileType = text.plist.xml; path = Info.plist; sourceTree = "<group>"; };
/* End PBXFileReference section */

/* Begin PBXFrameworksBuildPhase section */
		F52D6CE421F47714001999FE /* Frameworks */ = {
			isa = PBXFrameworksBuildPhase;
			buildActionMask = 2147483647;
			files = (
			);
			runOnlyForDeploymentPostprocessing = 0;
		};
		F52D6CF821F47715001999FE /* Frameworks */ = {
			isa = PBXFrameworksBuildPhase;
			buildActionMask = 2147483647;
			files = (
			);
			runOnlyForDeploymentPostprocessing = 0;
		};
		F52D6D0321F47715001999FE /* Frameworks */ = {
			isa = PBXFrameworksBuildPhase;
			buildActionMask = 2147483647;
			files = (
			);
			runOnlyForDeploymentPostprocessing = 0;
		};
/* End PBXFrameworksBuildPhase section */

/* Begin PBXGroup section */
		F52D6CDE21F47714001999FE = {
			isa = PBXGroup;
			children = (
				F52D6CE921F47714001999FE /* Todo4 */,
				F52D6CFE21F47715001999FE /* Todo4Tests */,
				F52D6D0921F47715001999FE /* Todo4UITests */,
				F52D6CE821F47714001999FE /* Products */,
			);
			sourceTree = "<group>";
		};
		F52D6CE821F47714001999FE /* Products */ = {
			isa = PBXGroup;
			children = (
				F52D6CE721F47714001999FE /* Todo4.app */,
				F52D6CFB21F47715001999FE /* Todo4Tests.xctest */,
				F52D6D0621F47715001999FE /* Todo4UITests.xctest */,
			);
			name = Products;
			sourceTree = "<group>";
		};
		F52D6CE921F47714001999FE /* Todo4 */ = {
			isa = PBXGroup;
			children = (
				F52D6CEA21F47714001999FE /* AppDelegate.swift */,
				F52D6CEC21F47714001999FE /* TodoListViewController.swift */,
				F52D6CEE21F47714001999FE /* Main.storyboard */,
				F52D6CF121F47714001999FE /* Assets.xcassets */,
				F52D6CF321F47714001999FE /* LaunchScreen.storyboard */,
				F52D6CF621F47714001999FE /* Info.plist */,
			);
			path = Todo4;
			sourceTree = "<group>";
		};
		F52D6CFE21F47715001999FE /* Todo4Tests */ = {
			isa = PBXGroup;
			children = (
				F52D6CFF21F47715001999FE /* Todo4Tests.swift */,
				F52D6D0121F47715001999FE /* Info.plist */,
			);
			path = Todo4Tests;
			sourceTree = "<group>";
		};
		F52D6D0921F47715001999FE /* Todo4UITests */ = {
			isa = PBXGroup;
			children = (
				F52D6D0A21F47715001999FE /* Todo4UITests.swift */,
				F52D6D0C21F47715001999FE /* Info.plist */,
			);
			path = Todo4UITests;
			sourceTree = "<group>";
		};
/* End PBXGroup section */

/* Begin PBXNativeTarget section */
		F52D6CE621F47714001999FE /* Todo4 */ = {
			isa = PBXNativeTarget;
			buildConfigurationList = F52D6D0F21F47715001999FE /* Build configuration list for PBXNativeTarget "Todo4" */;
			buildPhases = (
				F52D6CE321F47714001999FE /* Sources */,
				F52D6CE421F47714001999FE /* Frameworks */,
				F52D6CE521F47714001999FE /* Resources */,
			);
			buildRules = (
			);
			dependencies = (
			);
			name = Todo4;
			productName = Todo4;
			productReference = F52D6CE721F47714001999FE /* Todo4.app */;
			productType = "com.apple.product-type.application";
		};
		F52D6CFA21F47715001999FE /* Todo4Tests */ = {
			isa = PBXNativeTarget;
			buildConfigurationList = F52D6D1221F47715001999FE /* Build configuration list for PBXNativeTarget "Todo4Tests" */;
			buildPhases = (
				F52D6CF721F47715001999FE /* Sources */,
				F52D6CF821F47715001999FE /* Frameworks */,
				F52D6CF921F47715001999FE /* Resources */,
			);
			buildRules = (
			);
			dependencies = (
				F52D6CFD21F47715001999FE /* PBXTargetDependency */,
			);
			name = Todo4Tests;
			productName = Todo4Tests;
			productReference = F52D6CFB21F47715001999FE /* Todo4Tests.xctest */;
			productType = "com.apple.product-type.bundle.unit-test";
		};
		F52D6D0521F47715001999FE /* Todo4UITests */ = {
			isa = PBXNativeTarget;
			buildConfigurationList = F52D6D1521F47715001999FE /* Build configuration list for PBXNativeTarget "Todo4UITests" */;
			buildPhases = (
				F52D6D0221F47715001999FE /* Sources */,
				F52D6D0321F47715001999FE /* Frameworks */,
				F52D6D0421F47715001999FE /* Resources */,
			);
			buildRules = (
			);
			dependencies = (
				F52D6D0821F47715001999FE /* PBXTargetDependency */,
			);
			name = Todo4UITests;
			productName = Todo4UITests;
			productReference = F52D6D0621F47715001999FE /* Todo4UITests.xctest */;
			productType = "com.apple.product-type.bundle.ui-testing";
		};
/* End PBXNativeTarget section */

/* Begin PBXProject section */
		F52D6CDF21F47714001999FE /* Project object */ = {
			isa = PBXProject;
			attributes = {
				LastSwiftUpdateCheck = 0920;
				LastUpgradeCheck = 0920;
				ORGANIZATIONNAME = "豊嶋洸人";
				TargetAttributes = {
					F52D6CE621F47714001999FE = {
						CreatedOnToolsVersion = 9.2;
						ProvisioningStyle = Automatic;
					};
					F52D6CFA21F47715001999FE = {
						CreatedOnToolsVersion = 9.2;
						ProvisioningStyle = Automatic;
						TestTargetID = F52D6CE621F47714001999FE;
					};
					F52D6D0521F47715001999FE = {
						CreatedOnToolsVersion = 9.2;
						ProvisioningStyle = Automatic;
						TestTargetID = F52D6CE621F47714001999FE;
					};
				};
			};
			buildConfigurationList = F52D6CE221F47714001999FE /* Build configuration list for PBXProject "Todo4" */;
			compatibilityVersion = "Xcode 8.0";
			developmentRegion = en;
			hasScannedForEncodings = 0;
			knownRegions = (
				en,
				Base,
			);
			mainGroup = F52D6CDE21F47714001999FE;
			productRefGroup = F52D6CE821F47714001999FE /* Products */;
			projectDirPath = "";
			projectRoot = "";
			targets = (
				F52D6CE621F47714001999FE /* Todo4 */,
				F52D6CFA21F47715001999FE /* Todo4Tests */,
				F52D6D0521F47715001999FE /* Todo4UITests */,
			);
		};
/* End PBXProject section */

/* Begin PBXResourcesBuildPhase section */
		F52D6CE521F47714001999FE /* Resources */ = {
			isa = PBXResourcesBuildPhase;
			buildActionMask = 2147483647;
			files = (
				F52D6CF521F47714001999FE /* LaunchScreen.storyboard in Resources */,
				F52D6CF221F47714001999FE /* Assets.xcassets in Resources */,
				F52D6CF021F47714001999FE /* Main.storyboard in Resources */,
			);
			runOnlyForDeploymentPostprocessing = 0;
		};
		F52D6CF921F47715001999FE /* Resources */ = {
			isa = PBXResourcesBuildPhase;
			buildActionMask = 2147483647;
			files = (
			);
			runOnlyForDeploymentPostprocessing = 0;
		};
		F52D6D0421F47715001999FE /* Resources */ = {
			isa = PBXResourcesBuildPhase;
			buildActionMask = 2147483647;
			files = (
			);
			runOnlyForDeploymentPostprocessing = 0;
		};
/* End PBXResourcesBuildPhase section */

/* Begin PBXSourcesBuildPhase section */
		F52D6CE321F47714001999FE /* Sources */ = {
			isa = PBXSourcesBuildPhase;
			buildActionMask = 2147483647;
			files = (
				F52D6CED21F47714001999FE /* TodoListViewController.swift in Sources */,
				F52D6CEB21F47714001999FE /* AppDelegate.swift in Sources */,
			);
			runOnlyForDeploymentPostprocessing = 0;
		};
		F52D6CF721F47715001999FE /* Sources */ = {
			isa = PBXSourcesBuildPhase;
			buildActionMask = 2147483647;
			files = (
				F52D6D0021F47715001999FE /* Todo4Tests.swift in Sources */,
			);
			runOnlyForDeploymentPostprocessing = 0;
		};
		F52D6D0221F47715001999FE /* Sources */ = {
			isa = PBXSourcesBuildPhase;
			buildActionMask = 2147483647;
			files = (
				F52D6D0B21F47715001999FE /* Todo4UITests.swift in Sources */,
			);
			runOnlyForDeploymentPostprocessing = 0;
		};
/* End PBXSourcesBuildPhase section */

/* Begin PBXTargetDependency section */
		F52D6CFD21F47715001999FE /* PBXTargetDependency */ = {
			isa = PBXTargetDependency;
			target = F52D6CE621F47714001999FE /* Todo4 */;
			targetProxy = F52D6CFC21F47715001999FE /* PBXContainerItemProxy */;
		};
		F52D6D0821F47715001999FE /* PBXTargetDependency */ = {
			isa = PBXTargetDependency;
			target = F52D6CE621F47714001999FE /* Todo4 */;
			targetProxy = F52D6D0721F47715001999FE /* PBXContainerItemProxy */;
		};
/* End PBXTargetDependency section */

/* Begin PBXVariantGroup section */
		F52D6CEE21F47714001999FE /* Main.storyboard */ = {
			isa = PBXVariantGroup;
			children = (
				F52D6CEF21F47714001999FE /* Base */,
			);
			name = Main.storyboard;
			sourceTree = "<group>";
		};
		F52D6CF321F47714001999FE /* LaunchScreen.storyboard */ = {
			isa = PBXVariantGroup;
			children = (
				F52D6CF421F47714001999FE /* Base */,
			);
			name = LaunchScreen.storyboard;
			sourceTree = "<group>";
		};
/* End PBXVariantGroup section */

/* Begin XCBuildConfiguration section */
		F52D6D0D21F47715001999FE /* Debug */ = {
			isa = XCBuildConfiguration;
			buildSettings = {
				ALWAYS_SEARCH_USER_PATHS = NO;
				CLANG_ANALYZER_NONNULL = YES;
				CLANG_ANALYZER_NUMBER_OBJECT_CONVERSION = YES_AGGRESSIVE;
				CLANG_CXX_LANGUAGE_STANDARD = "gnu++14";
				CLANG_CXX_LIBRARY = "libc++";
				CLANG_ENABLE_MODULES = YES;
				CLANG_ENABLE_OBJC_ARC = YES;
				CLANG_WARN_BLOCK_CAPTURE_AUTORELEASING = YES;
				CLANG_WARN_BOOL_CONVERSION = YES;
				CLANG_WARN_COMMA = YES;
				CLANG_WARN_CONSTANT_CONVERSION = YES;
				CLANG_WARN_DIRECT_OBJC_ISA_USAGE = YES_ERROR;
				CLANG_WARN_DOCUMENTATION_COMMENTS = YES;
				CLANG_WARN_EMPTY_BODY = YES;
				CLANG_WARN_ENUM_CONVERSION = YES;
				CLANG_WARN_INFINITE_RECURSION = YES;
				CLANG_WARN_INT_CONVERSION = YES;
				CLANG_WARN_NON_LITERAL_NULL_CONVERSION = YES;
				CLANG_WARN_OBJC_LITERAL_CONVERSION = YES;
				CLANG_WARN_OBJC_ROOT_CLASS = YES_ERROR;
				CLANG_WARN_RANGE_LOOP_ANALYSIS = YES;
				CLANG_WARN_STRICT_PROTOTYPES = YES;
				CLANG_WARN_SUSPICIOUS_MOVE = YES;
				CLANG_WARN_UNGUARDED_AVAILABILITY = YES_AGGRESSIVE;
				CLANG_WARN_UNREACHABLE_CODE = YES;
				CLANG_WARN__DUPLICATE_METHOD_MATCH = YES;
				CODE_SIGN_IDENTITY = "iPhone Developer";
				COPY_PHASE_STRIP = NO;
				DEBUG_INFORMATION_FORMAT = dwarf;
				ENABLE_STRICT_OBJC_MSGSEND = YES;
				ENABLE_TESTABILITY = YES;
				GCC_C_LANGUAGE_STANDARD = gnu11;
				GCC_DYNAMIC_NO_PIC = NO;
				GCC_NO_COMMON_BLOCKS = YES;
				GCC_OPTIMIZATION_LEVEL = 0;
				GCC_PREPROCESSOR_DEFINITIONS = (
					"DEBUG=1",
					"$(inherited)",
				);
				GCC_WARN_64_TO_32_BIT_CONVERSION = YES;
				GCC_WARN_ABOUT_RETURN_TYPE = YES_ERROR;
				GCC_WARN_UNDECLARED_SELECTOR = YES;
				GCC_WARN_UNINITIALIZED_AUTOS = YES_AGGRESSIVE;
				GCC_WARN_UNUSED_FUNCTION = YES;
				GCC_WARN_UNUSED_VARIABLE = YES;
				IPHONEOS_DEPLOYMENT_TARGET = 11.2;
				MTL_ENABLE_DEBUG_INFO = YES;
				ONLY_ACTIVE_ARCH = YES;
				SDKROOT = iphoneos;
				SWIFT_ACTIVE_COMPILATION_CONDITIONS = DEBUG;
				SWIFT_OPTIMIZATION_LEVEL = "-Onone";
			};
			name = Debug;
		};
		F52D6D0E21F47715001999FE /* Release */ = {
			isa = XCBuildConfiguration;
			buildSettings = {
				ALWAYS_SEARCH_USER_PATHS = NO;
				CLANG_ANALYZER_NONNULL = YES;
				CLANG_ANALYZER_NUMBER_OBJECT_CONVERSION = YES_AGGRESSIVE;
				CLANG_CXX_LANGUAGE_STANDARD = "gnu++14";
				CLANG_CXX_LIBRARY = "libc++";
				CLANG_ENABLE_MODULES = YES;
				CLANG_ENABLE_OBJC_ARC = YES;
				CLANG_WARN_BLOCK_CAPTURE_AUTORELEASING = YES;
				CLANG_WARN_BOOL_CONVERSION = YES;
				CLANG_WARN_COMMA = YES;
				CLANG_WARN_CONSTANT_CONVERSION = YES;
				CLANG_WARN_DIRECT_OBJC_ISA_USAGE = YES_ERROR;
				CLANG_WARN_DOCUMENTATION_COMMENTS = YES;
				CLANG_WARN_EMPTY_BODY = YES;
				CLANG_WARN_ENUM_CONVERSION = YES;
				CLANG_WARN_INFINITE_RECURSION = YES;
				CLANG_WARN_INT_CONVERSION = YES;
				CLANG_WARN_NON_LITERAL_NULL_CONVERSION = YES;
				CLANG_WARN_OBJC_LITERAL_CONVERSION = YES;
				CLANG_WARN_OBJC_ROOT_CLASS = YES_ERROR;
				CLANG_WARN_RANGE_LOOP_ANALYSIS = YES;
				CLANG_WARN_STRICT_PROTOTYPES = YES;
				CLANG_WARN_SUSPICIOUS_MOVE = YES;
				CLANG_WARN_UNGUARDED_AVAILABILITY = YES_AGGRESSIVE;
				CLANG_WARN_UNREACHABLE_CODE = YES;
				CLANG_WARN__DUPLICATE_METHOD_MATCH = YES;
				CODE_SIGN_IDENTITY = "iPhone Developer";
				COPY_PHASE_STRIP = NO;
				DEBUG_INFORMATION_FORMAT = "dwarf-with-dsym";
				ENABLE_NS_ASSERTIONS = NO;
				ENABLE_STRICT_OBJC_MSGSEND = YES;
				GCC_C_LANGUAGE_STANDARD = gnu11;
				GCC_NO_COMMON_BLOCKS = YES;
				GCC_WARN_64_TO_32_BIT_CONVERSION = YES;
				GCC_WARN_ABOUT_RETURN_TYPE = YES_ERROR;
				GCC_WARN_UNDECLARED_SELECTOR = YES;
				GCC_WARN_UNINITIALIZED_AUTOS = YES_AGGRESSIVE;
				GCC_WARN_UNUSED_FUNCTION = YES;
				GCC_WARN_UNUSED_VARIABLE = YES;
				IPHONEOS_DEPLOYMENT_TARGET = 11.2;
				MTL_ENABLE_DEBUG_INFO = NO;
				SDKROOT = iphoneos;
				SWIFT_OPTIMIZATION_LEVEL = "-Owholemodule";
				VALIDATE_PRODUCT = YES;
			};
			name = Release;
		};
		F52D6D1021F47715001999FE /* Debug */ = {
			isa = XCBuildConfiguration;
			buildSettings = {
				ASSETCATALOG_COMPILER_APPICON_NAME = AppIcon;
				CODE_SIGN_STYLE = Automatic;
				DEVELOPMENT_TEAM = F5FF8N93LG;
				INFOPLIST_FILE = Todo4/Info.plist;
				LD_RUNPATH_SEARCH_PATHS = "$(inherited) @executable_path/Frameworks";
				PRODUCT_BUNDLE_IDENTIFIER = hirotont.Todo4;
				PRODUCT_NAME = "$(TARGET_NAME)";
				SWIFT_VERSION = 4.0;
				TARGETED_DEVICE_FAMILY = "1,2";
			};
			name = Debug;
		};
		F52D6D1121F47715001999FE /* Release */ = {
			isa = XCBuildConfiguration;
			buildSettings = {
				ASSETCATALOG_COMPILER_APPICON_NAME = AppIcon;
				CODE_SIGN_STYLE = Automatic;
				DEVELOPMENT_TEAM = F5FF8N93LG;
				INFOPLIST_FILE = Todo4/Info.plist;
				LD_RUNPATH_SEARCH_PATHS = "$(inherited) @executable_path/Frameworks";
				PRODUCT_BUNDLE_IDENTIFIER = hirotont.Todo4;
				PRODUCT_NAME = "$(TARGET_NAME)";
				SWIFT_VERSION = 4.0;
				TARGETED_DEVICE_FAMILY = "1,2";
			};
			name = Release;
		};
		F52D6D1321F47715001999FE /* Debug */ = {
			isa = XCBuildConfiguration;
			buildSettings = {
				ALWAYS_EMBED_SWIFT_STANDARD_LIBRARIES = YES;
				BUNDLE_LOADER = "$(TEST_HOST)";
				CODE_SIGN_STYLE = Automatic;
				DEVELOPMENT_TEAM = F5FF8N93LG;
				INFOPLIST_FILE = Todo4Tests/Info.plist;
				LD_RUNPATH_SEARCH_PATHS = "$(inherited) @executable_path/Frameworks @loader_path/Frameworks";
				PRODUCT_BUNDLE_IDENTIFIER = hirotont.Todo4Tests;
				PRODUCT_NAME = "$(TARGET_NAME)";
				SWIFT_VERSION = 4.0;
				TARGETED_DEVICE_FAMILY = "1,2";
				TEST_HOST = "$(BUILT_PRODUCTS_DIR)/Todo4.app/Todo4";
			};
			name = Debug;
		};
		F52D6D1421F47715001999FE /* Release */ = {
			isa = XCBuildConfiguration;
			buildSettings = {
				ALWAYS_EMBED_SWIFT_STANDARD_LIBRARIES = YES;
				BUNDLE_LOADER = "$(TEST_HOST)";
				CODE_SIGN_STYLE = Automatic;
				DEVELOPMENT_TEAM = F5FF8N93LG;
				INFOPLIST_FILE = Todo4Tests/Info.plist;
				LD_RUNPATH_SEARCH_PATHS = "$(inherited) @executable_path/Frameworks @loader_path/Frameworks";
				PRODUCT_BUNDLE_IDENTIFIER = hirotont.Todo4Tests;
				PRODUCT_NAME = "$(TARGET_NAME)";
				SWIFT_VERSION = 4.0;
				TARGETED_DEVICE_FAMILY = "1,2";
				TEST_HOST = "$(BUILT_PRODUCTS_DIR)/Todo4.app/Todo4";
			};
			name = Release;
		};
		F52D6D1621F47715001999FE /* Debug */ = {
			isa = XCBuildConfiguration;
			buildSettings = {
				ALWAYS_EMBED_SWIFT_STANDARD_LIBRARIES = YES;
				CODE_SIGN_STYLE = Automatic;
				DEVELOPMENT_TEAM = F5FF8N93LG;
				INFOPLIST_FILE = Todo4UITests/Info.plist;
				LD_RUNPATH_SEARCH_PATHS = "$(inherited) @executable_path/Frameworks @loader_path/Frameworks";
				PRODUCT_BUNDLE_IDENTIFIER = hirotont.Todo4UITests;
				PRODUCT_NAME = "$(TARGET_NAME)";
				SWIFT_VERSION = 4.0;
				TARGETED_DEVICE_FAMILY = "1,2";
				TEST_TARGET_NAME = Todo4;
			};
			name = Debug;
		};
		F52D6D1721F47715001999FE /* Release */ = {
			isa = XCBuildConfiguration;
			buildSettings = {
				ALWAYS_EMBED_SWIFT_STANDARD_LIBRARIES = YES;
				CODE_SIGN_STYLE = Automatic;
				DEVELOPMENT_TEAM = F5FF8N93LG;
				INFOPLIST_FILE = Todo4UITests/Info.plist;
				LD_RUNPATH_SEARCH_PATHS = "$(inherited) @executable_path/Frameworks @loader_path/Frameworks";
				PRODUCT_BUNDLE_IDENTIFIER = hirotont.Todo4UITests;
				PRODUCT_NAME = "$(TARGET_NAME)";
				SWIFT_VERSION = 4.0;
				TARGETED_DEVICE_FAMILY = "1,2";
				TEST_TARGET_NAME = Todo4;
			};
			name = Release;
		};
/* End XCBuildConfiguration section */

/* Begin XCConfigurationList section */
		F52D6CE221F47714001999FE /* Build configuration list for PBXProject "Todo4" */ = {
			isa = XCConfigurationList;
			buildConfigurations = (
				F52D6D0D21F47715001999FE /* Debug */,
				F52D6D0E21F47715001999FE /* Release */,
			);
			defaultConfigurationIsVisible = 0;
			defaultConfigurationName = Release;
		};
		F52D6D0F21F47715001999FE /* Build configuration list for PBXNativeTarget "Todo4" */ = {
			isa = XCConfigurationList;
			buildConfigurations = (
				F52D6D1021F47715001999FE /* Debug */,
				F52D6D1121F47715001999FE /* Release */,
			);
			defaultConfigurationIsVisible = 0;
			defaultConfigurationName = Release;
		};
		F52D6D1221F47715001999FE /* Build configuration list for PBXNativeTarget "Todo4Tests" */ = {
			isa = XCConfigurationList;
			buildConfigurations = (
				F52D6D1321F47715001999FE /* Debug */,
				F52D6D1421F47715001999FE /* Release */,
			);
			defaultConfigurationIsVisible = 0;
			defaultConfigurationName = Release;
		};
		F52D6D1521F47715001999FE /* Build configuration list for PBXNativeTarget "Todo4UITests" */ = {
			isa = XCConfigurationList;
			buildConfigurations = (
				F52D6D1621F47715001999FE /* Debug */,
				F52D6D1721F47715001999FE /* Release */,
			);
			defaultConfigurationIsVisible = 0;
			defaultConfigurationName = Release;
		};
/* End XCConfigurationList section */
	};
	rootObject = F52D6CDF21F47714001999FE /* Project object */;
}
